Microsoft Visual Studio Solution File, Format Version 12.00
# Visual Studio 2012
Project("{FAE04EC0-301F-11D3-BF4B-00C04F79EFBC}") = "tbwbs", "tbwbs.csproj", "{81F4A544-A76C-43B5-BA13-5CFB1D5AFCAC}"
EndProject
Global
	GlobalSection(SolutionConfigurationPlatforms) = preSolution
	Debug|Any CPU = Debug|Any CPU
	ExportDebug|Any CPU = ExportDebug|Any CPU
	ExportRelease|Any CPU = ExportRelease|Any CPU
	EndGlobalSection
	GlobalSection(ProjectConfigurationPlatforms) = postSolution
		{81F4A544-A76C-43B5-BA13-5CFB1D5AFCAC}.Debug|Any CPU.ActiveCfg = Debug|Any CPU
		{81F4A544-A76C-43B5-BA13-5CFB1D5AFCAC}.Debug|Any CPU.Build.0 = Debug|Any CPU
		{81F4A544-A76C-43B5-BA13-5CFB1D5AFCAC}.ExportDebug|Any CPU.ActiveCfg = ExportDebug|Any CPU
		{81F4A544-A76C-43B5-BA13-5CFB1D5AFCAC}.ExportDebug|Any CPU.Build.0 = ExportDebug|Any CPU
		{81F4A544-A76C-43B5-BA13-5CFB1D5AFCAC}.ExportRelease|Any CPU.ActiveCfg = ExportRelease|Any CPU
		{81F4A544-A76C-43B5-BA13-5CFB1D5AFCAC}.ExportRelease|Any CPU.Build.0 = ExportRelease|Any CPU
	EndGlobalSection
EndGlobal
